
Microsoft Visual Studio Solution File, Format Version 10.00
# Visual Studio 2008
Project("{8BC9CEB8-8B4A-11D0-8D11-00A0C91BC942}") = "MADP_dll", "MADP_dll.vcproj", "{B0A4FFA7-64B4-48EC-A0FD-C60C1106AE3F}"
	ProjectSection(ProjectDependencies) = postProject
		{B7CF3CBF-F787-4F48-8AE2-F241B6F3B554} = {B7CF3CBF-F787-4F48-8AE2-F241B6F3B554}
	EndProjectSection
EndProject
Project("{8BC9CEB8-8B4A-11D0-8D11-00A0C91BC942}") = "libArgp", "libArgp\libArgp.vcproj", "{B7CF3CBF-F787-4F48-8AE2-F241B6F3B554}"
EndProject
Project("{8BC9CEB8-8B4A-11D0-8D11-00A0C91BC942}") = "BFS", "..\Tests\BFS\BFS.vcproj", "{83200E97-8BB3-44CF-B6E6-5233475C647F}"
	ProjectSection(ProjectDependencies) = postProject
		{B0A4FFA7-64B4-48EC-A0FD-C60C1106AE3F} = {B0A4FFA7-64B4-48EC-A0FD-C60C1106AE3F}
	EndProjectSection
EndProject
Project("{8BC9CEB8-8B4A-11D0-8D11-00A0C91BC942}") = "decTigerJESP", "..\Tests\decTigerJESP\decTigerJESP.vcproj", "{4E152DF4-4F18-4872-9C29-4741F5A37CF7}"
	ProjectSection(ProjectDependencies) = postProject
		{7E9E5164-8A07-423D-9C2A-FFC929F58851} = {7E9E5164-8A07-423D-9C2A-FFC929F58851}
		{66D7C399-561A-48C6-8107-BC3C30C06335} = {66D7C399-561A-48C6-8107-BC3C30C06335}
		{B0A4FFA7-64B4-48EC-A0FD-C60C1106AE3F} = {B0A4FFA7-64B4-48EC-A0FD-C60C1106AE3F}
		{5E4F34E9-4B96-492C-9985-6674B6B1D5DE} = {5E4F34E9-4B96-492C-9985-6674B6B1D5DE}
		{8CBD67F9-ACFC-41EB-B1D4-956335C803F5} = {8CBD67F9-ACFC-41EB-B1D4-956335C803F5}
	EndProjectSection
EndProject
Project("{8BC9CEB8-8B4A-11D0-8D11-00A0C91BC942}") = "DICEPS", "..\Tests\DICEPS\DICEPS.vcproj", "{5997BB8B-640C-49E0-B263-7E49BAD25B86}"
	ProjectSection(ProjectDependencies) = postProject
		{B0A4FFA7-64B4-48EC-A0FD-C60C1106AE3F} = {B0A4FFA7-64B4-48EC-A0FD-C60C1106AE3F}
	EndProjectSection
EndProject
Project("{8BC9CEB8-8B4A-11D0-8D11-00A0C91BC942}") = "GMAA", "..\Tests\GMAA\GMAA.vcproj", "{B98FB59F-42B5-46C4-864A-24A3A6F405EC}"
	ProjectSection(ProjectDependencies) = postProject
		{B0A4FFA7-64B4-48EC-A0FD-C60C1106AE3F} = {B0A4FFA7-64B4-48EC-A0FD-C60C1106AE3F}
	EndProjectSection
EndProject
Project("{8BC9CEB8-8B4A-11D0-8D11-00A0C91BC942}") = "JESP", "..\Tests\JESP\JESP.vcproj", "{E713F1A6-ACB9-4B35-BF8D-A26BD9A0E3C7}"
	ProjectSection(ProjectDependencies) = postProject
		{66D7C399-561A-48C6-8107-BC3C30C06335} = {66D7C399-561A-48C6-8107-BC3C30C06335}
		{8CBD67F9-ACFC-41EB-B1D4-956335C803F5} = {8CBD67F9-ACFC-41EB-B1D4-956335C803F5}
	EndProjectSection
EndProject
Project("{8BC9CEB8-8B4A-11D0-8D11-00A0C91BC942}") = "Perseus", "..\Tests\Perseus\Perseus.vcproj", "{DC87AA95-0A85-4E60-88F5-276EC7A9B0C8}"
	ProjectSection(ProjectDependencies) = postProject
		{B0A4FFA7-64B4-48EC-A0FD-C60C1106AE3F} = {B0A4FFA7-64B4-48EC-A0FD-C60C1106AE3F}
	EndProjectSection
EndProject
Project("{8BC9CEB8-8B4A-11D0-8D11-00A0C91BC942}") = "libMADPBase", "..\libMADPBase\libMADPBase.vcproj", "{7E9E5164-8A07-423D-9C2A-FFC929F58851}"
EndProject
Project("{8BC9CEB8-8B4A-11D0-8D11-00A0C91BC942}") = "libMADPParser", "..\libMADPParser\libMADPParser.vcproj", "{5E4F34E9-4B96-492C-9985-6674B6B1D5DE}"
	ProjectSection(ProjectDependencies) = postProject
		{7E9E5164-8A07-423D-9C2A-FFC929F58851} = {7E9E5164-8A07-423D-9C2A-FFC929F58851}
	EndProjectSection
EndProject
Project("{8BC9CEB8-8B4A-11D0-8D11-00A0C91BC942}") = "libMADPSupport", "..\libMADPSupport\libMADPSupport.vcproj", "{8CBD67F9-ACFC-41EB-B1D4-956335C803F5}"
EndProject
Project("{8BC9CEB8-8B4A-11D0-8D11-00A0C91BC942}") = "libMADPplanning", "..\libMADPplanning\libMADPplanning.vcproj", "{66D7C399-561A-48C6-8107-BC3C30C06335}"
	ProjectSection(ProjectDependencies) = postProject
		{7E9E5164-8A07-423D-9C2A-FFC929F58851} = {7E9E5164-8A07-423D-9C2A-FFC929F58851}
		{B7CF3CBF-F787-4F48-8AE2-F241B6F3B554} = {B7CF3CBF-F787-4F48-8AE2-F241B6F3B554}
		{5E4F34E9-4B96-492C-9985-6674B6B1D5DE} = {5E4F34E9-4B96-492C-9985-6674B6B1D5DE}
		{8CBD67F9-ACFC-41EB-B1D4-956335C803F5} = {8CBD67F9-ACFC-41EB-B1D4-956335C803F5}
	EndProjectSection
EndProject
Project("{8BC9CEB8-8B4A-11D0-8D11-00A0C91BC942}") = "Test", "..\Test\Test.vcproj", "{67DB124E-FCAB-4B79-8544-3207216A0987}"
EndProject
Global
	GlobalSection(SolutionConfigurationPlatforms) = preSolution
		Debug|Win32 = Debug|Win32
		Release|Win32 = Release|Win32
	EndGlobalSection
	GlobalSection(ProjectConfigurationPlatforms) = postSolution
		{B0A4FFA7-64B4-48EC-A0FD-C60C1106AE3F}.Debug|Win32.ActiveCfg = Debug|Win32
		{B0A4FFA7-64B4-48EC-A0FD-C60C1106AE3F}.Debug|Win32.Build.0 = Debug|Win32
		{B0A4FFA7-64B4-48EC-A0FD-C60C1106AE3F}.Release|Win32.ActiveCfg = Release|Win32
		{B7CF3CBF-F787-4F48-8AE2-F241B6F3B554}.Debug|Win32.ActiveCfg = Debug|Win32
		{B7CF3CBF-F787-4F48-8AE2-F241B6F3B554}.Debug|Win32.Build.0 = Debug|Win32
		{B7CF3CBF-F787-4F48-8AE2-F241B6F3B554}.Release|Win32.ActiveCfg = Release|Win32
		{B7CF3CBF-F787-4F48-8AE2-F241B6F3B554}.Release|Win32.Build.0 = Release|Win32
		{83200E97-8BB3-44CF-B6E6-5233475C647F}.Debug|Win32.ActiveCfg = Debug|Win32
		{83200E97-8BB3-44CF-B6E6-5233475C647F}.Debug|Win32.Build.0 = Debug|Win32
		{83200E97-8BB3-44CF-B6E6-5233475C647F}.Release|Win32.ActiveCfg = Release|Win32
		{83200E97-8BB3-44CF-B6E6-5233475C647F}.Release|Win32.Build.0 = Release|Win32
		{4E152DF4-4F18-4872-9C29-4741F5A37CF7}.Debug|Win32.ActiveCfg = Debug|Win32
		{4E152DF4-4F18-4872-9C29-4741F5A37CF7}.Debug|Win32.Build.0 = Debug|Win32
		{4E152DF4-4F18-4872-9C29-4741F5A37CF7}.Release|Win32.ActiveCfg = Release|Win32
		{4E152DF4-4F18-4872-9C29-4741F5A37CF7}.Release|Win32.Build.0 = Release|Win32
		{5997BB8B-640C-49E0-B263-7E49BAD25B86}.Debug|Win32.ActiveCfg = Debug|Win32
		{5997BB8B-640C-49E0-B263-7E49BAD25B86}.Debug|Win32.Build.0 = Debug|Win32
		{5997BB8B-640C-49E0-B263-7E49BAD25B86}.Release|Win32.ActiveCfg = Release|Win32
		{5997BB8B-640C-49E0-B263-7E49BAD25B86}.Release|Win32.Build.0 = Release|Win32
		{B98FB59F-42B5-46C4-864A-24A3A6F405EC}.Debug|Win32.ActiveCfg = Debug|Win32
		{B98FB59F-42B5-46C4-864A-24A3A6F405EC}.Debug|Win32.Build.0 = Debug|Win32
		{B98FB59F-42B5-46C4-864A-24A3A6F405EC}.Release|Win32.ActiveCfg = Release|Win32
		{B98FB59F-42B5-46C4-864A-24A3A6F405EC}.Release|Win32.Build.0 = Release|Win32
		{E713F1A6-ACB9-4B35-BF8D-A26BD9A0E3C7}.Debug|Win32.ActiveCfg = Debug|Win32
		{E713F1A6-ACB9-4B35-BF8D-A26BD9A0E3C7}.Debug|Win32.Build.0 = Debug|Win32
		{E713F1A6-ACB9-4B35-BF8D-A26BD9A0E3C7}.Release|Win32.ActiveCfg = Release|Win32
		{E713F1A6-ACB9-4B35-BF8D-A26BD9A0E3C7}.Release|Win32.Build.0 = Release|Win32
		{DC87AA95-0A85-4E60-88F5-276EC7A9B0C8}.Debug|Win32.ActiveCfg = Debug|Win32
		{DC87AA95-0A85-4E60-88F5-276EC7A9B0C8}.Debug|Win32.Build.0 = Debug|Win32
		{DC87AA95-0A85-4E60-88F5-276EC7A9B0C8}.Release|Win32.ActiveCfg = Release|Win32
		{DC87AA95-0A85-4E60-88F5-276EC7A9B0C8}.Release|Win32.Build.0 = Release|Win32
		{7E9E5164-8A07-423D-9C2A-FFC929F58851}.Debug|Win32.ActiveCfg = Debug|Win32
		{7E9E5164-8A07-423D-9C2A-FFC929F58851}.Debug|Win32.Build.0 = Debug|Win32
		{7E9E5164-8A07-423D-9C2A-FFC929F58851}.Release|Win32.ActiveCfg = Release|Win32
		{7E9E5164-8A07-423D-9C2A-FFC929F58851}.Release|Win32.Build.0 = Release|Win32
		{5E4F34E9-4B96-492C-9985-6674B6B1D5DE}.Debug|Win32.ActiveCfg = Debug|Win32
		{5E4F34E9-4B96-492C-9985-6674B6B1D5DE}.Debug|Win32.Build.0 = Debug|Win32
		{5E4F34E9-4B96-492C-9985-6674B6B1D5DE}.Release|Win32.ActiveCfg = Release|Win32
		{5E4F34E9-4B96-492C-9985-6674B6B1D5DE}.Release|Win32.Build.0 = Release|Win32
		{8CBD67F9-ACFC-41EB-B1D4-956335C803F5}.Debug|Win32.ActiveCfg = Debug|Win32
		{8CBD67F9-ACFC-41EB-B1D4-956335C803F5}.Debug|Win32.Build.0 = Debug|Win32
		{8CBD67F9-ACFC-41EB-B1D4-956335C803F5}.Release|Win32.ActiveCfg = Release|Win32
		{8CBD67F9-ACFC-41EB-B1D4-956335C803F5}.Release|Win32.Build.0 = Release|Win32
		{66D7C399-561A-48C6-8107-BC3C30C06335}.Debug|Win32.ActiveCfg = Debug|Win32
		{66D7C399-561A-48C6-8107-BC3C30C06335}.Debug|Win32.Build.0 = Debug|Win32
		{66D7C399-561A-48C6-8107-BC3C30C06335}.Release|Win32.ActiveCfg = Release|Win32
		{66D7C399-561A-48C6-8107-BC3C30C06335}.Release|Win32.Build.0 = Release|Win32
		{67DB124E-FCAB-4B79-8544-3207216A0987}.Debug|Win32.ActiveCfg = Debug|Win32
		{67DB124E-FCAB-4B79-8544-3207216A0987}.Debug|Win32.Build.0 = Debug|Win32
		{67DB124E-FCAB-4B79-8544-3207216A0987}.Release|Win32.ActiveCfg = Release|Win32
		{67DB124E-FCAB-4B79-8544-3207216A0987}.Release|Win32.Build.0 = Release|Win32
	EndGlobalSection
	GlobalSection(SolutionProperties) = preSolution
		HideSolutionNode = FALSE
	EndGlobalSection
EndGlobal
